
Microsoft Visual Studio Solution File, Format Version 12.00
# Visual Studio Version 17
VisualStudioVersion = 17.4.33213.308
MinimumVisualStudioVersion = 10.0.40219.1
Project("{FAE04EC0-301F-11D3-BF4B-00C04F79EFBC}") = "ESPPosture", "ESPPosture\ESPPosture.csproj", "{3179CC26-D0E3-4AE3-9F8B-3932D6944852}"
EndProject
Global
	GlobalSection(SolutionConfigurationPlatforms) = preSolution
		Debug|Any CPU = Debug|Any CPU
		Release|Any CPU = Release|Any CPU
	EndGlobalSection
	GlobalSection(ProjectConfigurationPlatforms) = postSolution
		{3179CC26-D0E3-4AE3-9F8B-3932D6944852}.Debug|Any CPU.ActiveCfg = Debug|Any CPU
		{3179CC26-D0E3-4AE3-9F8B-3932D6944852}.Debug|Any CPU.Build.0 = Debug|Any CPU
		{3179CC26-D0E3-4AE3-9F8B-3932D6944852}.Release|Any CPU.ActiveCfg = Release|Any CPU
		{3179CC26-D0E3-4AE3-9F8B-3932D6944852}.Release|Any CPU.Build.0 = Release|Any CPU
	EndGlobalSection
	GlobalSection(SolutionProperties) = preSolution
		HideSolutionNode = FALSE
	EndGlobalSection
	GlobalSection(ExtensibilityGlobals) = postSolution
		SolutionGuid = {AEB8402F-E3BF-472B-9C20-AE85E0163CDD}
	EndGlobalSection
EndGlobal
